
Microsoft Visual Studio Solution File, Format Version 12.00
# Visual Studio 15
VisualStudioVersion = 15.0.28307.1000
MinimumVisualStudioVersion = 10.0.40219.1
Project("{FAE04EC0-301F-11D3-BF4B-00C04F79EFBC}") = "Delon PDF Util", "App1\App1.Android\Delon PDF Util.csproj", "{24CE3C36-16B9-426D-AA0C-5961ECF8D88C}"
EndProject
Project("{FAE04EC0-301F-11D3-BF4B-00C04F79EFBC}") = "App1.iOS", "App1\App1.iOS\App1.iOS.csproj", "{BDDD5BA0-2065-486D-8C06-61F6BB33DAE9}"
EndProject
Project("{FAE04EC0-301F-11D3-BF4B-00C04F79EFBC}") = "App1.UWP", "App1\App1.UWP\App1.UWP.csproj", "{58A36D98-1E1A-4B50-8AC8-CF36B2DF8861}"
EndProject
Project("{FAE04EC0-301F-11D3-BF4B-00C04F79EFBC}") = "App1", "App1\App1\App1.csproj", "{91358844-708B-400D-868A-3C0C187FD752}"
EndProject
Project("{2150E333-8FDC-42A3-9474-1A3956D46DE8}") = "Solution Items", "Solution Items", "{C29DF216-E6DE-478E-8BDF-F50955C9E5A7}"
	ProjectSection(SolutionItems) = preProject
		App1\App1.iOS\Resources\error.png = App1\App1.iOS\Resources\error.png
		App1\App1.iOS\Resources\file.png = App1\App1.iOS\Resources\file.png
		App1\App1.iOS\Resources\icon.png = App1\App1.iOS\Resources\icon.png
		App1\App1.iOS\Resources\microsoft.png = App1\App1.iOS\Resources\microsoft.png
		App1\App1.iOS\Resources\pdf.png = App1\App1.iOS\Resources\pdf.png
		App1\App1.Android\Resources\drawable\right_arrow.png = App1\App1.Android\Resources\drawable\right_arrow.png
	EndProjectSection
EndProject
Global
	GlobalSection(SolutionConfigurationPlatforms) = preSolution
		Debug|Any CPU = Debug|Any CPU
		Debug|ARM = Debug|ARM
		Debug|iPhone = Debug|iPhone
		Debug|iPhoneSimulator = Debug|iPhoneSimulator
		Debug|x64 = Debug|x64
		Debug|x86 = Debug|x86
		Release|Any CPU = Release|Any CPU
		Release|ARM = Release|ARM
		Release|iPhone = Release|iPhone
		Release|iPhoneSimulator = Release|iPhoneSimulator
		Release|x64 = Release|x64
		Release|x86 = Release|x86
	EndGlobalSection
	GlobalSection(ProjectConfigurationPlatforms) = postSolution
		{24CE3C36-16B9-426D-AA0C-5961ECF8D88C}.Debug|Any CPU.ActiveCfg = Debug|Any CPU
		{24CE3C36-16B9-426D-AA0C-5961ECF8D88C}.Debug|Any CPU.Build.0 = Debug|Any CPU
		{24CE3C36-16B9-426D-AA0C-5961ECF8D88C}.Debug|Any CPU.Deploy.0 = Debug|Any CPU
		{24CE3C36-16B9-426D-AA0C-5961ECF8D88C}.Debug|ARM.ActiveCfg = Debug|Any CPU
		{24CE3C36-16B9-426D-AA0C-5961ECF8D88C}.Debug|ARM.Build.0 = Debug|Any CPU
		{24CE3C36-16B9-426D-AA0C-5961ECF8D88C}.Debug|ARM.Deploy.0 = Debug|Any CPU
		{24CE3C36-16B9-426D-AA0C-5961ECF8D88C}.Debug|iPhone.ActiveCfg = Debug|Any CPU
		{24CE3C36-16B9-426D-AA0C-5961ECF8D88C}.Debug|iPhone.Build.0 = Debug|Any CPU
		{24CE3C36-16B9-426D-AA0C-5961ECF8D88C}.Debug|iPhone.Deploy.0 = Debug|Any CPU
		{24CE3C36-16B9-426D-AA0C-5961ECF8D88C}.Debug|iPhoneSimulator.ActiveCfg = Debug|Any CPU
		{24CE3C36-16B9-426D-AA0C-5961ECF8D88C}.Debug|iPhoneSimulator.Build.0 = Debug|Any CPU
		{24CE3C36-16B9-426D-AA0C-5961ECF8D88C}.Debug|iPhoneSimulator.Deploy.0 = Debug|Any CPU
		{24CE3C36-16B9-426D-AA0C-5961ECF8D88C}.Debug|x64.ActiveCfg = Debug|Any CPU
		{24CE3C36-16B9-426D-AA0C-5961ECF8D88C}.Debug|x64.Build.0 = Debug|Any CPU
		{24CE3C36-16B9-426D-AA0C-5961ECF8D88C}.Debug|x64.Deploy.0 = Debug|Any CPU
		{24CE3C36-16B9-426D-AA0C-5961ECF8D88C}.Debug|x86.ActiveCfg = Debug|Any CPU
		{24CE3C36-16B9-426D-AA0C-5961ECF8D88C}.Debug|x86.Build.0 = Debug|Any CPU
		{24CE3C36-16B9-426D-AA0C-5961ECF8D88C}.Debug|x86.Deploy.0 = Debug|Any CPU
		{24CE3C36-16B9-426D-AA0C-5961ECF8D88C}.Release|Any CPU.ActiveCfg = Release|Any CPU
		{24CE3C36-16B9-426D-AA0C-5961ECF8D88C}.Release|Any CPU.Build.0 = Release|Any CPU
		{24CE3C36-16B9-426D-AA0C-5961ECF8D88C}.Release|Any CPU.Deploy.0 = Release|Any CPU
		{24CE3C36-16B9-426D-AA0C-5961ECF8D88C}.Release|ARM.ActiveCfg = Release|Any CPU
		{24CE3C36-16B9-426D-AA0C-5961ECF8D88C}.Release|ARM.Build.0 = Release|Any CPU
		{24CE3C36-16B9-426D-AA0C-5961ECF8D88C}.Release|ARM.Deploy.0 = Release|Any CPU
		{24CE3C36-16B9-426D-AA0C-5961ECF8D88C}.Release|iPhone.ActiveCfg = Release|Any CPU
		{24CE3C36-16B9-426D-AA0C-5961ECF8D88C}.Release|iPhone.Build.0 = Release|Any CPU
		{24CE3C36-16B9-426D-AA0C-5961ECF8D88C}.Release|iPhone.Deploy.0 = Release|Any CPU
		{24CE3C36-16B9-426D-AA0C-5961ECF8D88C}.Release|iPhoneSimulator.ActiveCfg = Release|Any CPU
		{24CE3C36-16B9-426D-AA0C-5961ECF8D88C}.Release|iPhoneSimulator.Build.0 = Release|Any CPU
		{24CE3C36-16B9-426D-AA0C-5961ECF8D88C}.Release|iPhoneSimulator.Deploy.0 = Release|Any CPU
		{24CE3C36-16B9-426D-AA0C-5961ECF8D88C}.Release|x64.ActiveCfg = Release|Any CPU
		{24CE3C36-16B9-426D-AA0C-5961ECF8D88C}.Release|x64.Build.0 = Release|Any CPU
		{24CE3C36-16B9-426D-AA0C-5961ECF8D88C}.Release|x64.Deploy.0 = Release|Any CPU
		{24CE3C36-16B9-426D-AA0C-5961ECF8D88C}.Release|x86.ActiveCfg = Release|Any CPU
		{24CE3C36-16B9-426D-AA0C-5961ECF8D88C}.Release|x86.Build.0 = Release|Any CPU
		{24CE3C36-16B9-426D-AA0C-5961ECF8D88C}.Release|x86.Deploy.0 = Release|Any CPU
		{BDDD5BA0-2065-486D-8C06-61F6BB33DAE9}.Debug|Any CPU.ActiveCfg = Debug|iPhoneSimulator
		{BDDD5BA0-2065-486D-8C06-61F6BB33DAE9}.Debug|Any CPU.Build.0 = Debug|iPhoneSimulator
		{BDDD5BA0-2065-486D-8C06-61F6BB33DAE9}.Debug|Any CPU.Deploy.0 = Debug|iPhoneSimulator
		{BDDD5BA0-2065-486D-8C06-61F6BB33DAE9}.Debug|ARM.ActiveCfg = Debug|iPhone
		{BDDD5BA0-2065-486D-8C06-61F6BB33DAE9}.Debug|ARM.Build.0 = Debug|iPhone
		{BDDD5BA0-2065-486D-8C06-61F6BB33DAE9}.Debug|ARM.Deploy.0 = Debug|iPhone
		{BDDD5BA0-2065-486D-8C06-61F6BB33DAE9}.Debug|iPhone.ActiveCfg = Debug|iPhone
		{BDDD5BA0-2065-486D-8C06-61F6BB33DAE9}.Debug|iPhone.Build.0 = Debug|iPhone
		{BDDD5BA0-2065-486D-8C06-61F6BB33DAE9}.Debug|iPhone.Deploy.0 = Debug|iPhone
		{BDDD5BA0-2065-486D-8C06-61F6BB33DAE9}.Debug|iPhoneSimulator.ActiveCfg = Debug|iPhoneSimulator
		{BDDD5BA0-2065-486D-8C06-61F6BB33DAE9}.Debug|iPhoneSimulator.Build.0 = Debug|iPhoneSimulator
		{BDDD5BA0-2065-486D-8C06-61F6BB33DAE9}.Debug|iPhoneSimulator.Deploy.0 = Debug|iPhoneSimulator
		{BDDD5BA0-2065-486D-8C06-61F6BB33DAE9}.Debug|x64.ActiveCfg = Debug|iPhone
		{BDDD5BA0-2065-486D-8C06-61F6BB33DAE9}.Debug|x64.Build.0 = Debug|iPhone
		{BDDD5BA0-2065-486D-8C06-61F6BB33DAE9}.Debug|x64.Deploy.0 = Debug|iPhone
		{BDDD5BA0-2065-486D-8C06-61F6BB33DAE9}.Debug|x86.ActiveCfg = Debug|iPhone
		{BDDD5BA0-2065-486D-8C06-61F6BB33DAE9}.Debug|x86.Build.0 = Debug|iPhone
		{BDDD5BA0-2065-486D-8C06-61F6BB33DAE9}.Debug|x86.Deploy.0 = Debug|iPhone
		{BDDD5BA0-2065-486D-8C06-61F6BB33DAE9}.Release|Any CPU.ActiveCfg = Release|iPhone
		{BDDD5BA0-2065-486D-8C06-61F6BB33DAE9}.Release|Any CPU.Build.0 = Release|iPhone
		{BDDD5BA0-2065-486D-8C06-61F6BB33DAE9}.Release|Any CPU.Deploy.0 = Release|iPhone
		{BDDD5BA0-2065-486D-8C06-61F6BB33DAE9}.Release|ARM.ActiveCfg = Release|iPhone
		{BDDD5BA0-2065-486D-8C06-61F6BB33DAE9}.Release|ARM.Build.0 = Release|iPhone
		{BDDD5BA0-2065-486D-8C06-61F6BB33DAE9}.Release|ARM.Deploy.0 = Release|iPhone
		{BDDD5BA0-2065-486D-8C06-61F6BB33DAE9}.Release|iPhone.ActiveCfg = Release|iPhone
		{BDDD5BA0-2065-486D-8C06-61F6BB33DAE9}.Release|iPhone.Build.0 = Release|iPhone
		{BDDD5BA0-2065-486D-8C06-61F6BB33DAE9}.Release|iPhone.Deploy.0 = Release|iPhone
		{BDDD5BA0-2065-486D-8C06-61F6BB33DAE9}.Release|iPhoneSimulator.ActiveCfg = Release|iPhoneSimulator
		{BDDD5BA0-2065-486D-8C06-61F6BB33DAE9}.Release|iPhoneSimulator.Build.0 = Release|iPhoneSimulator
		{BDDD5BA0-2065-486D-8C06-61F6BB33DAE9}.Release|iPhoneSimulator.Deploy.0 = Release|iPhoneSimulator
		{BDDD5BA0-2065-486D-8C06-61F6BB33DAE9}.Release|x64.ActiveCfg = Release|iPhone
		{BDDD5BA0-2065-486D-8C06-61F6BB33DAE9}.Release|x64.Build.0 = Release|iPhone
		{BDDD5BA0-2065-486D-8C06-61F6BB33DAE9}.Release|x64.Deploy.0 = Release|iPhone
		{BDDD5BA0-2065-486D-8C06-61F6BB33DAE9}.Release|x86.ActiveCfg = Release|iPhone
		{BDDD5BA0-2065-486D-8C06-61F6BB33DAE9}.Release|x86.Build.0 = Release|iPhone
		{BDDD5BA0-2065-486D-8C06-61F6BB33DAE9}.Release|x86.Deploy.0 = Release|iPhone
		{58A36D98-1E1A-4B50-8AC8-CF36B2DF8861}.Debug|Any CPU.ActiveCfg = Debug|x86
		{58A36D98-1E1A-4B50-8AC8-CF36B2DF8861}.Debug|Any CPU.Build.0 = Debug|x86
		{58A36D98-1E1A-4B50-8AC8-CF36B2DF8861}.Debug|Any CPU.Deploy.0 = Debug|x86
		{58A36D98-1E1A-4B50-8AC8-CF36B2DF8861}.Debug|ARM.ActiveCfg = Debug|ARM
		{58A36D98-1E1A-4B50-8AC8-CF36B2DF8861}.Debug|ARM.Build.0 = Debug|ARM
		{58A36D98-1E1A-4B50-8AC8-CF36B2DF8861}.Debug|ARM.Deploy.0 = Debug|ARM
		{58A36D98-1E1A-4B50-8AC8-CF36B2DF8861}.Debug|iPhone.ActiveCfg = Debug|x86
		{58A36D98-1E1A-4B50-8AC8-CF36B2DF8861}.Debug|iPhone.Build.0 = Debug|x86
		{58A36D98-1E1A-4B50-8AC8-CF36B2DF8861}.Debug|iPhone.Deploy.0 = Debug|x86
		{58A36D98-1E1A-4B50-8AC8-CF36B2DF8861}.Debug|iPhoneSimulator.ActiveCfg = Debug|x86
		{58A36D98-1E1A-4B50-8AC8-CF36B2DF8861}.Debug|iPhoneSimulator.Build.0 = Debug|x86
		{58A36D98-1E1A-4B50-8AC8-CF36B2DF8861}.Debug|iPhoneSimulator.Deploy.0 = Debug|x86
		{58A36D98-1E1A-4B50-8AC8-CF36B2DF8861}.Debug|x64.ActiveCfg = Debug|x64
		{58A36D98-1E1A-4B50-8AC8-CF36B2DF8861}.Debug|x64.Build.0 = Debug|x64
		{58A36D98-1E1A-4B50-8AC8-CF36B2DF8861}.Debug|x64.Deploy.0 = Debug|x64
		{58A36D98-1E1A-4B50-8AC8-CF36B2DF8861}.Debug|x86.ActiveCfg = Debug|x86
		{58A36D98-1E1A-4B50-8AC8-CF36B2DF8861}.Debug|x86.Build.0 = Debug|x86
		{58A36D98-1E1A-4B50-8AC8-CF36B2DF8861}.Debug|x86.Deploy.0 = Debug|x86
		{58A36D98-1E1A-4B50-8AC8-CF36B2DF8861}.Release|Any CPU.ActiveCfg = Release|x86
		{58A36D98-1E1A-4B50-8AC8-CF36B2DF8861}.Release|Any CPU.Build.0 = Release|x86
		{58A36D98-1E1A-4B50-8AC8-CF36B2DF8861}.Release|Any CPU.Deploy.0 = Release|x86
		{58A36D98-1E1A-4B50-8AC8-CF36B2DF8861}.Release|ARM.ActiveCfg = Release|ARM
		{58A36D98-1E1A-4B50-8AC8-CF36B2DF8861}.Release|ARM.Build.0 = Release|ARM
		{58A36D98-1E1A-4B50-8AC8-CF36B2DF8861}.Release|ARM.Deploy.0 = Release|ARM
		{58A36D98-1E1A-4B50-8AC8-CF36B2DF8861}.Release|iPhone.ActiveCfg = Release|x86
		{58A36D98-1E1A-4B50-8AC8-CF36B2DF8861}.Release|iPhone.Build.0 = Release|x86
		{58A36D98-1E1A-4B50-8AC8-CF36B2DF8861}.Release|iPhone.Deploy.0 = Release|x86
		{58A36D98-1E1A-4B50-8AC8-CF36B2DF8861}.Release|iPhoneSimulator.ActiveCfg = Release|x86
		{58A36D98-1E1A-4B50-8AC8-CF36B2DF8861}.Release|iPhoneSimulator.Build.0 = Release|x86
		{58A36D98-1E1A-4B50-8AC8-CF36B2DF8861}.Release|iPhoneSimulator.Deploy.0 = Release|x86
		{58A36D98-1E1A-4B50-8AC8-CF36B2DF8861}.Release|x64.ActiveCfg = Release|x64
		{58A36D98-1E1A-4B50-8AC8-CF36B2DF8861}.Release|x64.Build.0 = Release|x64
		{58A36D98-1E1A-4B50-8AC8-CF36B2DF8861}.Release|x64.Deploy.0 = Release|x64
		{58A36D98-1E1A-4B50-8AC8-CF36B2DF8861}.Release|x86.ActiveCfg = Release|x86
		{58A36D98-1E1A-4B50-8AC8-CF36B2DF8861}.Release|x86.Build.0 = Release|x86
		{58A36D98-1E1A-4B50-8AC8-CF36B2DF8861}.Release|x86.Deploy.0 = Release|x86
		{91358844-708B-400D-868A-3C0C187FD752}.Debug|Any CPU.ActiveCfg = Debug|Any CPU
		{91358844-708B-400D-868A-3C0C187FD752}.Debug|Any CPU.Build.0 = Debug|Any CPU
		{91358844-708B-400D-868A-3C0C187FD752}.Debug|Any CPU.Deploy.0 = Debug|Any CPU
		{91358844-708B-400D-868A-3C0C187FD752}.Debug|ARM.ActiveCfg = Debug|Any CPU
		{91358844-708B-400D-868A-3C0C187FD752}.Debug|ARM.Build.0 = Debug|Any CPU
		{91358844-708B-400D-868A-3C0C187FD752}.Debug|ARM.Deploy.0 = Debug|Any CPU
		{91358844-708B-400D-868A-3C0C187FD752}.Debug|iPhone.ActiveCfg = Debug|Any CPU
		{91358844-708B-400D-868A-3C0C187FD752}.Debug|iPhone.Build.0 = Debug|Any CPU
		{91358844-708B-400D-868A-3C0C187FD752}.Debug|iPhone.Deploy.0 = Debug|Any CPU
		{91358844-708B-400D-868A-3C0C187FD752}.Debug|iPhoneSimulator.ActiveCfg = Debug|Any CPU
		{91358844-708B-400D-868A-3C0C187FD752}.Debug|iPhoneSimulator.Build.0 = Debug|Any CPU
		{91358844-708B-400D-868A-3C0C187FD752}.Debug|iPhoneSimulator.Deploy.0 = Debug|Any CPU
		{91358844-708B-400D-868A-3C0C187FD752}.Debug|x64.ActiveCfg = Debug|Any CPU
		{91358844-708B-400D-868A-3C0C187FD752}.Debug|x64.Build.0 = Debug|Any CPU
		{91358844-708B-400D-868A-3C0C187FD752}.Debug|x64.Deploy.0 = Debug|Any CPU
		{91358844-708B-400D-868A-3C0C187FD752}.Debug|x86.ActiveCfg = Debug|Any CPU
		{91358844-708B-400D-868A-3C0C187FD752}.Debug|x86.Build.0 = Debug|Any CPU
		{91358844-708B-400D-868A-3C0C187FD752}.Debug|x86.Deploy.0 = Debug|Any CPU
		{91358844-708B-400D-868A-3C0C187FD752}.Release|Any CPU.ActiveCfg = Release|Any CPU
		{91358844-708B-400D-868A-3C0C187FD752}.Release|Any CPU.Build.0 = Release|Any CPU
		{91358844-708B-400D-868A-3C0C187FD752}.Release|Any CPU.Deploy.0 = Release|Any CPU
		{91358844-708B-400D-868A-3C0C187FD752}.Release|ARM.ActiveCfg = Release|Any CPU
		{91358844-708B-400D-868A-3C0C187FD752}.Release|ARM.Build.0 = Release|Any CPU
		{91358844-708B-400D-868A-3C0C187FD752}.Release|ARM.Deploy.0 = Release|Any CPU
		{91358844-708B-400D-868A-3C0C187FD752}.Release|iPhone.ActiveCfg = Release|Any CPU
		{91358844-708B-400D-868A-3C0C187FD752}.Release|iPhone.Build.0 = Release|Any CPU
		{91358844-708B-400D-868A-3C0C187FD752}.Release|iPhone.Deploy.0 = Release|Any CPU
		{91358844-708B-400D-868A-3C0C187FD752}.Release|iPhoneSimulator.ActiveCfg = Release|Any CPU
		{91358844-708B-400D-868A-3C0C187FD752}.Release|iPhoneSimulator.Build.0 = Release|Any CPU
		{91358844-708B-400D-868A-3C0C187FD752}.Release|iPhoneSimulator.Deploy.0 = Release|Any CPU
		{91358844-708B-400D-868A-3C0C187FD752}.Release|x64.ActiveCfg = Release|Any CPU
		{91358844-708B-400D-868A-3C0C187FD752}.Release|x64.Build.0 = Release|Any CPU
		{91358844-708B-400D-868A-3C0C187FD752}.Release|x64.Deploy.0 = Release|Any CPU
		{91358844-708B-400D-868A-3C0C187FD752}.Release|x86.ActiveCfg = Release|Any CPU
		{91358844-708B-400D-868A-3C0C187FD752}.Release|x86.Build.0 = Release|Any CPU
		{91358844-708B-400D-868A-3C0C187FD752}.Release|x86.Deploy.0 = Release|Any CPU
	EndGlobalSection
	GlobalSection(SolutionProperties) = preSolution
		HideSolutionNode = FALSE
	EndGlobalSection
	GlobalSection(ExtensibilityGlobals) = postSolution
		SolutionGuid = {4B952E9A-B501-4B87-813B-C0E72EC0B757}
	EndGlobalSection
EndGlobal
